github.com/apcera/termtables v0.0.0-20170405184538-bcbc5dc54055 h1:IkPAzP+QjchKXXFX6LCcpDKa89b/e/0gPCUbQGWtUUY=
github.com/apcera/termtables v0.0.0-20170405184538-bcbc5dc54055/go.mod h1:8mHYHlOef9UC51cK1/WRvE/iQVM8O8QlYFa8eh8r5I8=
github.com/mattn/go-runewidth v0.0.13 h1:lTGmDsbAYt5DmK6OnoV7EuIF1wEIFAcxld6ypU4OSgU=
github.com/mattn/go-runewidth v0.0.13/go.mod h1:Jdepj2loyihRzMpdS35Xk/zdY8IAYHsh153qUoGf23w=
github.com/rivo/uniseg v0.2.0 h1:S1pD9weZBuJdFmowNwbpi7BJ8TNftyUImj/0WQi72jY=
github.com/rivo/uniseg v0.2.0/go.mod h1:J6wj4VEh+S6ZtnVlnTBMWIodfgj8LQOQFoIToxlJtxc=
github.com/scylladb/termtables v1.0.0 h1:uUnesUY4V1VPCotpOQLb1LjTXVvzwy7Ramx8K8+w+8U=
github.com/scylladb/termtables v1.0.0/go.mod h1:C1a7PQSMz9NShzorzCiG2fk9+xuCgLkPeCvMHYR2OWg=
