github.com/PuerkitoBio/goquery v1.6.0 h1:j7taAbelrdcsOlGeMenZxc2AWXD5fieT1/znArdnx94=
github.com/PuerkitoBio/goquery v1.6.0/go.mod h1:GsLWisAFVj4WgDibEWF4pvYnkVQBpKBKeU+7zCJoLcc=
github.com/andybalholm/cascadia v1.1.0 h1:BuuO6sSfQNFRu1LppgbD25Hr2vLYW25JvxHs5zzsLTo=
github.com/andybalholm/cascadia v1.1.0/go.mod h1:GsXiBklL0woXo1j/WYWtSYYC4ouU9PqHO0sqidkEA4Y=
github.com/andybalholm/cascadia v1.2.0 h1:vuRCkM5Ozh/BfmsaTm26kbjm0mIOM3yS5Ek/F5h18aE=
github.com/andybalholm/cascadia v1.2.0/go.mod h1:YCyR8vOZT9aZ1CHEd8ap0gMVm2aFgxBp0T0eFw1RUQY=
github.com/djimenez/iconv-go v0.0.0-20160305225143-8960e66bd3da h1:0qwwqQCLOOXPl58ljnq3sTJR7yRuMolM02vjxDh4ZVE=
github.com/djimenez/iconv-go v0.0.0-20160305225143-8960e66bd3da/go.mod h1:ns+zIWBBchgfRdxNgIJWn2x6U95LQchxeqiN5Cgdgts=
github.com/gotk3/gotk3 v0.5.0 h1:GOkq4cFgAfeK6YAukLi64bz8zPayZKeCSSRr4mcFReQ=
github.com/gotk3/gotk3 v0.5.0/go.mod h1:/hqFpkNa9T3JgNAE2fLvCdov7c5bw//FHNZrZ3Uv9/Q=
github.com/sourcegraph/go-webkit2 v0.0.0-20170811231113-ade305cf91f4 h1:/GZIprdcSTZ1ScZXIb0EYTgCt2izmqDXAKFQGszWbcE=
github.com/sourcegraph/go-webkit2 v0.0.0-20170811231113-ade305cf91f4/go.mod h1:MeIulxHy//0+TzvJV9+kG4UZCNb8f8WIR/rU2CrnTQI=
github.com/sourcegraph/webloop v0.0.0-20181023135831-b349a792d122 h1:9jt3UNurPurvm+Xgn1wddzIy5x2a8Dy45sdS7OqzTEQ=
github.com/sourcegraph/webloop v0.0.0-20181023135831-b349a792d122/go.mod h1:nkKmepaM6T7lb70G5Gz4KzwouYGFK9Ua7fUxzbOCoDU=
github.com/sqs/gojs v0.0.0-20170522041006-12d0b3282819 h1:wZTkhnqk8Q6VpWMn1NPHZJ/PgE/YRrqctkAXcSgIdDc=
github.com/sqs/gojs v0.0.0-20170522041006-12d0b3282819/go.mod h1:M7hbdQaz37Cdb0vquiwCsvKKkDCCbKQ+T04iUVtXIqE=
golang.org/x/crypto v0.0.0-20190308221718-c2843e01d9a2/go.mod h1:djNgcEr1/C05ACkg1iLfiJU5Ep61QUkGW8qpdssI0+w=
golang.org/x/crypto v0.0.0-20200622213623-75b288015ac9/go.mod h1:LzIPMQfyMNhhGPhUkYOs5KpL4U8rLKemX1yGLhDgUto=
golang.org/x/net v0.0.0-20180218175443-cbe0f9307d01/go.mod h1:mL1N/T3taQHkDXs73rZJwtUhF3w3ftmwwsq0BUmARs4=
golang.org/x/net v0.0.0-20190404232315-eb5bcb51f2a3/go.mod h1:t9HGtf8HONx5eT2rtn7q6eTqICYqUVnKs3thJo3Qplg=
golang.org/x/net v0.0.0-20200202094626-16171245cfb2 h1:CCH4IOTTfewWjGOlSp+zGcjutRKlBEZQ6wTn8ozI/nI=
golang.org/x/net v0.0.0-20200202094626-16171245cfb2/go.mod h1:z5CRVTTTmAJ677TzLLGU+0bjPO0LkuOLi4/5GtJWs/s=
golang.org/x/net v0.0.0-20201010224723-4f7140c49acb h1:mUVeFHoDKis5nxCAzoAi7E8Ghb86EXh/RK6wtvJIqRY=
golang.org/x/net v0.0.0-20201010224723-4f7140c49acb/go.mod h1:sp8m0HH+o8qH0wwXwYZr8TS3Oi6o0r6Gce1SSxlDquU=
golang.org/x/sys v0.0.0-20190215142949-d0b11bdaac8a/go.mod h1:STP8DvDyc/dI5b8T5hshtkjS+E42TnysNCUPdjciGhY=
golang.org/x/sys v0.0.0-20190412213103-97732733099d/go.mod h1:h1NjWce9XRLGQEsW7wpKNCjG9DtNlClVuFLEZdDNbEs=
golang.org/x/sys v0.0.0-20200930185726-fdedc70b468f/go.mod h1:h1NjWce9XRLGQEsW7wpKNCjG9DtNlClVuFLEZdDNbEs=
golang.org/x/text v0.3.0/go.mod h1:NqM8EUOU14njkJ3fqMW+pc6Ldnwhi/IjpwHt7yyuwOQ=
golang.org/x/text v0.3.3 h1:cokOdA+Jmi5PJGXLlLllQSgYigAEfHXJAERHVMaCc2k=
golang.org/x/text v0.3.3/go.mod h1:5Zoc/QRtKVWzQhOtBMvqHzDpF6irO9z98xDceosuGiQ=
golang.org/x/tools v0.0.0-20180917221912-90fa682c2a6e/go.mod h1:n7NCudcB/nEzxVGmLbDWY5pfWTLqBcC2KZ6jyYvM4mQ=
