github.com/davecgh/go-spew v1.1.0/go.mod h1:J7Y8YcW2NihsgmVo/mv3lAwl/skON4iLHjSsI+c5H38=
github.com/maxence-charriere/go-app v0.1.0 h1:3HqxtgBTGsybtunBjFvzvHFv/fteMx0MJsLiKqWNx4I=
github.com/maxence-charriere/go-app/v6 v6.3.0 h1:VzK+tvLse/jjNmjtHk0Cs9rkqKUyd4L2BJ/b9j9y2AQ=
github.com/maxence-charriere/go-app/v6 v6.3.0/go.mod h1:lndc83s6AlsH9LmLR5JsttRzSwUVqOOYi3e/Kd5FfTU=
github.com/pmezard/go-difflib v1.0.0/go.mod h1:iKH77koFhYxTK1pcRnkKkqfTogsbg7gZNVY4sRDYZ/4=
github.com/stretchr/objx v0.1.0/go.mod h1:HFkY916IF+rwdDfMAkV7OtwuqBVzrE8GR6GFx+wExME=
github.com/stretchr/testify v1.5.1/go.mod h1:5W2xD1RspED5o8YsWQXVCued0rvSQ+mT+I5cxcmMvtA=
gopkg.in/check.v1 v0.0.0-20161208181325-20d25e280405/go.mod h1:Co6ibVJAznAaIkqp8huTwlJQCZ016jof/cbN4VW5Yz0=
gopkg.in/yaml.v2 v2.2.2/go.mod h1:hI93XBmqTisBFMUTm0b8Fm+jr3Dg1NNxqwp+5A1VGuI=
