github.com/RoaringBitmap/roaring v1.2.1 h1:58/LJlg/81wfEHd5L9qsHduznOIhyv4qb1yWcSvVq9A=
github.com/RoaringBitmap/roaring v1.2.1/go.mod h1:icnadbWcNyfEHlYdr+tDlOTih1Bf/h+rzPpv4sbomAA=
github.com/bits-and-blooms/bitset v1.2.0 h1:Kn4yilvwNtMACtf1eYDlG8H77R07mZSPbMjLyS07ChA=
github.com/bits-and-blooms/bitset v1.2.0/go.mod h1:gIdJ4wp64HaoK2YrL1Q5/N7Y16edYb8uY+O0FJTyyDA=
github.com/bits-and-blooms/bitset v1.2.2 h1:J5gbX05GpMdBjCvQ9MteIg2KKDExr7DrgK+Yc15FvIk=
github.com/bits-and-blooms/bitset v1.2.2/go.mod h1:gIdJ4wp64HaoK2YrL1Q5/N7Y16edYb8uY+O0FJTyyDA=
github.com/davecgh/go-spew v1.1.0/go.mod h1:J7Y8YcW2NihsgmVo/mv3lAwl/skON4iLHjSsI+c5H38=
github.com/mschoch/smat v0.2.0 h1:8imxQsjDm8yFEAVBe7azKmKSgzSkZXDuKkSq9374khM=
github.com/mschoch/smat v0.2.0/go.mod h1:kc9mz7DoBKqDyiRL7VZN8KvXQMWeTaVnttLRXOlotKw=
github.com/pmezard/go-difflib v1.0.0/go.mod h1:iKH77koFhYxTK1pcRnkKkqfTogsbg7gZNVY4sRDYZ/4=
github.com/stretchr/objx v0.1.0/go.mod h1:HFkY916IF+rwdDfMAkV7OtwuqBVzrE8GR6GFx+wExME=
github.com/stretchr/testify v1.4.0/go.mod h1:j7eGeouHqKxXV5pUuKE4zz7dFj8WfuZ+81PSLYec5m4=
gopkg.in/check.v1 v0.0.0-20161208181325-20d25e280405/go.mod h1:Co6ibVJAznAaIkqp8huTwlJQCZ016jof/cbN4VW5Yz0=
gopkg.in/yaml.v2 v2.2.2/go.mod h1:hI93XBmqTisBFMUTm0b8Fm+jr3Dg1NNxqwp+5A1VGuI=
